
Microsoft Visual Studio Solution File, Format Version 12.00
# Visual Studio Version 17
VisualStudioVersion = 17.10.35013.160
MinimumVisualStudioVersion = 10.0.40219.1
Project("{FAE04EC0-301F-11D3-BF4B-00C04F79EFBC}") = "attackServer", "attackServer\attackServer.csproj", "{10D41142-4CA9-476A-AB91-B8D80CC356D8}"
EndProject
Global
	GlobalSection(SolutionConfigurationPlatforms) = preSolution
		Debug|Any CPU = Debug|Any CPU
		Release|Any CPU = Release|Any CPU
	EndGlobalSection
	GlobalSection(ProjectConfigurationPlatforms) = postSolution
		{10D41142-4CA9-476A-AB91-B8D80CC356D8}.Debug|Any CPU.ActiveCfg = Debug|Any CPU
		{10D41142-4CA9-476A-AB91-B8D80CC356D8}.Debug|Any CPU.Build.0 = Debug|Any CPU
		{10D41142-4CA9-476A-AB91-B8D80CC356D8}.Release|Any CPU.ActiveCfg = Release|Any CPU
		{10D41142-4CA9-476A-AB91-B8D80CC356D8}.Release|Any CPU.Build.0 = Release|Any CPU
	EndGlobalSection
	GlobalSection(SolutionProperties) = preSolution
		HideSolutionNode = FALSE
	EndGlobalSection
	GlobalSection(ExtensibilityGlobals) = postSolution
		SolutionGuid = {21B383B2-9779-4362-8D56-B02A321CEC36}
	EndGlobalSection
EndGlobal
